# platform: win-64
# env_hash: de1ae9dde6961acafc9d31f2a1385c073734726872df08707b1e8b7d3f172672

@EXPLICIT

https://conda.anaconda.org/conda-forge/win-64/git-2.29.1-0.tar.bz2#b618dce3507ca98f643179da62625996
https://conda.anaconda.org/conda-forge/win-64/ca-certificates-2020.6.20-hecda079_0.tar.bz2#942ac2555f1e5d2c43391234a745449e
https://conda.anaconda.org/conda-forge/win-64/vs2015_runtime-14.16.27012-h30e32a0_2.tar.bz2#37a0bcc72c5e97f5602dca37eb3f8314
https://conda.anaconda.org/conda-forge/win-64/vc-14.1-h869be7e_1.tar.bz2#4fae57303daa91367eca263374e4a638
https://conda.anaconda.org/conda-forge/win-64/openssl-1.1.1h-he774522_0.tar.bz2#21844b16355ef8faa21fca97794d6825
https://conda.anaconda.org/conda-forge/win-64/sqlite-3.33.0-he774522_1.tar.bz2#d71a870ed0940cdf9f4bcb827d12ead6
https://conda.anaconda.org/conda-forge/win-64/yaml-0.2.5-he774522_0.tar.bz2#d41c34441d8bbb6d141e691ae7bccf35
https://conda.anaconda.org/conda-forge/win-64/python-3.8.6-h60c2a47_0_cpython.tar.bz2#b6c4723a2ba9b8f68521404bc0d23462
https://conda.anaconda.org/conda-forge/noarch/alabaster-0.7.12-py_0.tar.bz2#2489a97287f90176ecdc3ca982b4b0a0
https://conda.anaconda.org/conda-forge/noarch/appdirs-1.4.4-pyh9f0ad1d_0.tar.bz2#5f095bc6454094e96f146491fd03633b
https://conda.anaconda.org/conda-forge/noarch/atomicwrites-1.4.0-pyh9f0ad1d_0.tar.bz2#5e36230ffaf3b7bb599424592684ae53
https://conda.anaconda.org/conda-forge/noarch/attrs-20.2.0-pyh9f0ad1d_0.tar.bz2#72fe75fed07fe89d6ef02034bf1e94a5
https://conda.anaconda.org/conda-forge/noarch/click-7.1.2-pyh9f0ad1d_0.tar.bz2#bd50a970ce07e660c319fdc4d730d3f1
https://conda.anaconda.org/conda-forge/noarch/colorama-0.4.4-pyh9f0ad1d_0.tar.bz2#c08b4c1326b880ed44f3ffb04803332f
https://conda.anaconda.org/conda-forge/noarch/filelock-3.0.12-pyh9f0ad1d_0.tar.bz2#7544ed05bbbe9bb687bc9bcbe4d6cb46
https://conda.anaconda.org/conda-forge/noarch/idna-2.10-pyh9f0ad1d_0.tar.bz2#f95a12b4f435aae6680fe55ae2eb1b06
https://conda.anaconda.org/conda-forge/noarch/imagesize-1.2.0-py_0.tar.bz2#5879bd2c4b399a5072468e5fe587bf1b
https://conda.anaconda.org/conda-forge/noarch/iniconfig-1.1.1-pyh9f0ad1d_0.tar.bz2#39161f81cc5e5ca45b8226fbb06c6905
https://conda.anaconda.org/conda-forge/noarch/ipython_genutils-0.2.0-py_1.tar.bz2#5071c982548b3a20caf70462f04f5287
https://conda.anaconda.org/conda-forge/noarch/more-itertools-8.5.0-py_0.tar.bz2#3a2fa1ebe4306ae3190b1ed69a55b3fd
https://conda.anaconda.org/conda-forge/noarch/py-1.9.0-pyh9f0ad1d_0.tar.bz2#82beb69c4e05d65702bbde3c63d6ef58
https://conda.anaconda.org/conda-forge/noarch/pycparser-2.20-pyh9f0ad1d_2.tar.bz2#aa798d50ffd182a0f6f31478c7f434f6
https://conda.anaconda.org/conda-forge/noarch/pyparsing-2.4.7-pyh9f0ad1d_0.tar.bz2#626c4f20d5bf06dcec9cf2eaa31725c7
https://conda.anaconda.org/conda-forge/win-64/python_abi-3.8-1_cp38.tar.bz2#18ced0580562dca07ae039050748cc50
https://conda.anaconda.org/conda-forge/noarch/pytz-2020.1-pyh9f0ad1d_0.tar.bz2#e52abc1f0fd70e05001c1ceb2696f625
https://conda.anaconda.org/conda-forge/noarch/six-1.15.0-pyh9f0ad1d_0.tar.bz2#1eec421f0f1f39e579e44e4a5ce646a2
https://conda.anaconda.org/conda-forge/noarch/snowballstemmer-2.0.0-py_0.tar.bz2#fa34c3e7fb741022eb79169c354ca1ae
https://conda.anaconda.org/conda-forge/noarch/soupsieve-2.0.1-py_1.tar.bz2#aa1db70848c19bace567ba39a157f508
https://conda.anaconda.org/conda-forge/noarch/sphinxcontrib-applehelp-1.0.2-py_0.tar.bz2#20b2eaeaeea4ef9a9a0d99770620fd09
https://conda.anaconda.org/conda-forge/noarch/sphinxcontrib-devhelp-1.0.2-py_0.tar.bz2#68e01cac9d38d0e717cd5c87bc3d2cc9
https://conda.anaconda.org/conda-forge/noarch/sphinxcontrib-htmlhelp-1.0.3-py_0.tar.bz2#4508a40465ebf0105e52f7194f299411
https://conda.anaconda.org/conda-forge/noarch/sphinxcontrib-jsmath-1.0.1-py_0.tar.bz2#67cd9d9c0382d37479b4d306c369a2d4
https://conda.anaconda.org/conda-forge/noarch/sphinxcontrib-qthelp-1.0.3-py_0.tar.bz2#d01180388e6d1838c3e1ad029590aa7a
https://conda.anaconda.org/conda-forge/noarch/sphinxcontrib-serializinghtml-1.1.4-py_0.tar.bz2#8ea6a8036e28dba8827d35c764709358
https://conda.anaconda.org/conda-forge/noarch/toml-0.10.1-pyh9f0ad1d_0.tar.bz2#ca47d0ef822fd23b7ec9771a36645e5e
https://conda.anaconda.org/conda-forge/noarch/wheel-0.35.1-pyh9f0ad1d_0.tar.bz2#126827869be32f21872a2b30ebe2b038
https://conda.anaconda.org/conda-forge/noarch/zipp-3.3.2-py_0.tar.bz2#2a8f2586287f9bce86505b046f664547
https://conda.anaconda.org/conda-forge/noarch/babel-2.8.0-py_0.tar.bz2#2d6d06e3b9884b2446ed7d6e10db9eb3
https://conda.anaconda.org/conda-forge/noarch/beautifulsoup4-4.9.3-pyhb0f4dca_0.tar.bz2#d243a293d7303ab6195d96ce8c16b1cb
https://conda.anaconda.org/conda-forge/win-64/certifi-2020.6.20-py38h9bdc248_2.tar.bz2#7fc6df998fe466440c010163812f340c
https://conda.anaconda.org/conda-forge/win-64/cffi-1.14.3-py38h0e640b1_1.tar.bz2#0fd3a8bf420e2ad6dfc7fbfa8cbdc4ec
https://conda.anaconda.org/conda-forge/win-64/chardet-3.0.4-py38h9bdc248_1008.tar.bz2#503ab812d4aa8f5e4e40448a22f16233
https://conda.anaconda.org/conda-forge/win-64/coverage-5.3-py38h1e8a9f7_1.tar.bz2#5543f76c476b664c64601e0fa4eb3755
https://conda.anaconda.org/conda-forge/win-64/docutils-0.16-py38h9bdc248_2.tar.bz2#b26cac59ae27c584ad2548711a95f777
https://conda.anaconda.org/conda-forge/noarch/importlib-metadata-2.0.0-py_1.tar.bz2#9061524478034b761f355a42bd9a7e3d
https://conda.anaconda.org/conda-forge/noarch/markdown-it-py-0.5.6-py_0.tar.bz2#abd53edc51413052f9bab0f0629de615
https://conda.anaconda.org/conda-forge/win-64/markupsafe-1.1.1-py38hab1e662_2.tar.bz2#0737676f52f6bb7d2260636434140519
https://conda.anaconda.org/conda-forge/noarch/packaging-20.4-pyh9f0ad1d_0.tar.bz2#6d160f7346ac815500b5475d9a0f88a9
https://conda.anaconda.org/conda-forge/win-64/pluggy-0.13.1-py38h9bdc248_3.tar.bz2#24dfcc949e8cd6d20bd1b1ae7ffbb5ae
https://conda.anaconda.org/conda-forge/win-64/pyrsistent-0.17.3-py38h1e8a9f7_1.tar.bz2#2a1fabf59a4a36697f6de0cedcbf4e1e
https://conda.anaconda.org/conda-forge/noarch/python-dateutil-2.8.1-py_0.tar.bz2#0d0150ed9c2d25817f5324108d3f7571
https://conda.anaconda.org/conda-forge/win-64/pywin32-228-py38h1e8a9f7_0.tar.bz2#de6d49682383d270aebb4ea67aa907e5
https://conda.anaconda.org/conda-forge/win-64/pyyaml-5.3.1-py38hab1e662_1.tar.bz2#25ce237676e0d4f8029d3440c2f4afc6
https://conda.anaconda.org/conda-forge/noarch/traitlets-5.0.5-py_0.tar.bz2#99618ee9ab1323e40f231acdab92fe60
https://conda.anaconda.org/conda-forge/win-64/win_inet_pton-1.1.0-py38h32f6830_1.tar.bz2#f387a5afa714e658385f33dcda93a802
https://conda.anaconda.org/conda-forge/win-64/wincertstore-0.2-py38h32f6830_1005.tar.bz2#8c253621e1f3121360b00b5ffe4626ff
https://conda.anaconda.org/conda-forge/win-64/brotlipy-0.7.0-py38hab1e662_1001.tar.bz2#2d6f5a730bc180307463869c63ac0cdd
https://conda.anaconda.org/conda-forge/noarch/bs4-4.9.3-0.tar.bz2#910cc4c9bd7a32f32c7f1fb388e1dd6e
https://conda.anaconda.org/conda-forge/win-64/cryptography-3.1.1-py38h0e640b1_1.tar.bz2#5573a4afd166266a40b6607e7594e65f
https://conda.anaconda.org/conda-forge/noarch/importlib_metadata-2.0.0-1.tar.bz2#1e40de9b76f9eb789d302de58bfe7674
https://conda.anaconda.org/conda-forge/win-64/jupyter_core-4.6.3-py38h32f6830_2.tar.bz2#dd8ffa591c98dc492ce9a38be5315f25
https://conda.anaconda.org/conda-forge/noarch/markdown-3.3.2-pyh9f0ad1d_0.tar.bz2#f41abd013a5a0a838a4601d6b3c0714c
https://conda.anaconda.org/conda-forge/win-64/pysocks-1.7.1-py38h9bdc248_2.tar.bz2#6ed736e4e660a6ed5987b259b7f17fc1
https://conda.anaconda.org/conda-forge/win-64/pytest-6.1.1-py38h9bdc248_1.tar.bz2#39a7fec2d060111a7329a044a6cd88d6
https://conda.anaconda.org/conda-forge/win-64/setuptools-49.6.0-py38h9bdc248_2.tar.bz2#98726e11607788e59c4135db810e8521
https://conda.anaconda.org/conda-forge/noarch/jinja2-2.11.2-pyh9f0ad1d_0.tar.bz2#e8a5d614d1a27bdba00059ca062a0551
https://conda.anaconda.org/conda-forge/noarch/jsonschema-3.2.0-py_2.tar.bz2#a17aa962de6145d08e1008cb37c20161
https://conda.anaconda.org/conda-forge/noarch/pip-20.2.4-py_0.tar.bz2#d2c0e7b7ca15440dc445e725f1e79ccf
https://conda.anaconda.org/conda-forge/noarch/pygments-2.7.1-py_0.tar.bz2#9dbcbc1c57c179d2ac4fb79d9ed01c61
https://conda.anaconda.org/conda-forge/noarch/pyopenssl-19.1.0-py_1.tar.bz2#ef3d970a6de9bc902d233e59f746b7cd
https://conda.anaconda.org/conda-forge/noarch/pytest-cov-2.10.1-pyh9f0ad1d_0.tar.bz2#0d83b4ea58595e9f685c51ba31f63116
https://conda.anaconda.org/conda-forge/noarch/nbformat-5.0.8-py_0.tar.bz2#12aaf0d8795a5c375757b49a08e011a2
https://conda.anaconda.org/conda-forge/noarch/urllib3-1.25.11-py_0.tar.bz2#4ce0599839b2b4418befe201e5f072fc
https://conda.anaconda.org/conda-forge/noarch/jupytext-1.6.0-pyh9f0ad1d_0.tar.bz2#dd0e9e0a7812e4a911bac937e0a7fabb
https://conda.anaconda.org/conda-forge/noarch/requests-2.24.0-pyh9f0ad1d_0.tar.bz2#786ef230ca5cf2536e9dee910fdf4f9f
https://conda.anaconda.org/conda-forge/noarch/ensureconda-1.2.1-py_0.tar.bz2#5a9e2f51daccf6b445e4d2df345033c4
https://conda.anaconda.org/conda-forge/noarch/sphinx-3.2.1-py_0.tar.bz2#6775ce3cbf77a9447eacd1592858a738
https://conda.anaconda.org/conda-forge/noarch/conda-lock-0.7.2-py_0.tar.bz2#da44fc6dc40fb329b7397bf0494b1411
https://conda.anaconda.org/conda-forge/noarch/myst-parser-0.12.10-py_0.tar.bz2#be3bf2b4a25cc468510a2579fbe101a1
